{
  "name": "ows",
  "version": "0.1.0",
  "lockfileVersion": 1,
  "requires": true,
  "dependencies": {
    "commander": {
      "version": "2.20.0",
      "resolved": "https://registry.npmjs.org/commander/-/commander-2.20.0.tgz",
      "integrity": "sha512-7j2y+40w61zy6YC2iRNpUe/NwhNyoXrYpHMrSunaMG64nRnaf96zO/KMQR4OyN/UnE5KLyEBnKHd4aG3rskjpQ=="
    },
    "common-tags": {
      "version": "1.8.0",
      "resolved": "https://registry.npmjs.org/common-tags/-/common-tags-1.8.0.tgz",
      "integrity": "sha512-6P6g0uetGpW/sdyUy/iQQCbFF0kWVMSIVSyYz7Zgjcgh8mgw8PQzDNZeyZ5DQ2gM7LBoZPHmnjz8rUthkBG5tw=="
    },
    "moo": {
      "version": "0.5.0",
      "resolved": "https://registry.npmjs.org/moo/-/moo-0.5.0.tgz",
      "integrity": "sha512-AMv6iqhTEd5vT/cQlH6cammKS5ekyHhyqTRKi5zKMWl1RTyFnQ3ohPSBNSm8ySe2wlxSKwDonr9D5ZT44mdO3g=="
    }
  }
}
